
Microsoft Visual Studio Solution File, Format Version 12.00
# Visual Studio Version 16
VisualStudioVersion = 25.0.1706.3
MinimumVisualStudioVersion = 10.0.40219.1
Project("{FAE04EC0-301F-11D3-BF4B-00C04F79EFBC}") = "ShopTARge22", "ShopTARge22\ShopTARge22.csproj", "{EEC8E719-972E-4582-802E-935E9D190755}"
EndProject
Project("{FAE04EC0-301F-11D3-BF4B-00C04F79EFBC}") = "ShopTARge22.Data", "ShopTARge22.Data\ShopTARge22.Data.csproj", "{316656E7-C9D3-472F-B33E-3EAE0D648549}"
EndProject
Project("{FAE04EC0-301F-11D3-BF4B-00C04F79EFBC}") = "ShopTARge22.Core", "ShopTARge22.Core\ShopTARge22.Core.csproj", "{E4F2D9FB-75A6-419D-AF78-B07E07B2EE64}"
EndProject
Project("{FAE04EC0-301F-11D3-BF4B-00C04F79EFBC}") = "ShopTARge22.ApplicationServices", "ShopTARge22.ApplicationServices\ShopTARge22.ApplicationServices.csproj", "{DF32EBD8-1109-42E9-A18D-31E3D69E70A2}"
EndProject
Project("{FAE04EC0-301F-11D3-BF4B-00C04F79EFBC}") = "ShopTARge22.RealEstateTest", "ShopTARge22.RealEstateTest\ShopTARge22.RealEstateTest.csproj", "{655EBE78-CF5A-497C-9F99-F0053E176005}"
EndProject
Global
	GlobalSection(SolutionConfigurationPlatforms) = preSolution
		Debug|Any CPU = Debug|Any CPU
		Release|Any CPU = Release|Any CPU
	EndGlobalSection
	GlobalSection(ProjectConfigurationPlatforms) = postSolution
		{EEC8E719-972E-4582-802E-935E9D190755}.Debug|Any CPU.ActiveCfg = Debug|Any CPU
		{EEC8E719-972E-4582-802E-935E9D190755}.Debug|Any CPU.Build.0 = Debug|Any CPU
		{EEC8E719-972E-4582-802E-935E9D190755}.Release|Any CPU.ActiveCfg = Release|Any CPU
		{EEC8E719-972E-4582-802E-935E9D190755}.Release|Any CPU.Build.0 = Release|Any CPU
		{316656E7-C9D3-472F-B33E-3EAE0D648549}.Debug|Any CPU.ActiveCfg = Debug|Any CPU
		{316656E7-C9D3-472F-B33E-3EAE0D648549}.Debug|Any CPU.Build.0 = Debug|Any CPU
		{316656E7-C9D3-472F-B33E-3EAE0D648549}.Release|Any CPU.ActiveCfg = Release|Any CPU
		{316656E7-C9D3-472F-B33E-3EAE0D648549}.Release|Any CPU.Build.0 = Release|Any CPU
		{E4F2D9FB-75A6-419D-AF78-B07E07B2EE64}.Debug|Any CPU.ActiveCfg = Debug|Any CPU
		{E4F2D9FB-75A6-419D-AF78-B07E07B2EE64}.Debug|Any CPU.Build.0 = Debug|Any CPU
		{E4F2D9FB-75A6-419D-AF78-B07E07B2EE64}.Release|Any CPU.ActiveCfg = Release|Any CPU
		{E4F2D9FB-75A6-419D-AF78-B07E07B2EE64}.Release|Any CPU.Build.0 = Release|Any CPU
		{DF32EBD8-1109-42E9-A18D-31E3D69E70A2}.Debug|Any CPU.ActiveCfg = Debug|Any CPU
		{DF32EBD8-1109-42E9-A18D-31E3D69E70A2}.Debug|Any CPU.Build.0 = Debug|Any CPU
		{DF32EBD8-1109-42E9-A18D-31E3D69E70A2}.Release|Any CPU.ActiveCfg = Release|Any CPU
		{DF32EBD8-1109-42E9-A18D-31E3D69E70A2}.Release|Any CPU.Build.0 = Release|Any CPU
		{655EBE78-CF5A-497C-9F99-F0053E176005}.Debug|Any CPU.ActiveCfg = Debug|Any CPU
		{655EBE78-CF5A-497C-9F99-F0053E176005}.Debug|Any CPU.Build.0 = Debug|Any CPU
		{655EBE78-CF5A-497C-9F99-F0053E176005}.Release|Any CPU.ActiveCfg = Release|Any CPU
		{655EBE78-CF5A-497C-9F99-F0053E176005}.Release|Any CPU.Build.0 = Release|Any CPU
	EndGlobalSection
	GlobalSection(SolutionProperties) = preSolution
		HideSolutionNode = FALSE
	EndGlobalSection
	GlobalSection(ExtensibilityGlobals) = postSolution
		SolutionGuid = {4D126BEA-FC01-4F50-9617-9E8AD7C1B549}
	EndGlobalSection
EndGlobal
